// !$*UTF8*$!
{
	archiveVersion = 1;
	classes = {
	};
	objectVersion = 77;
	objects = {

/* Begin PBXBuildFile section */
		0545BB011FDA5B7E7BADFA00 /* Kingfisher in Frameworks */ = {isa = PBXBuildFile; productRef = B7C60C7DDDF7D929AF918DD9 /* Kingfisher */; };
/* End PBXBuildFile section */

/* Begin PBXContainerItemProxy section */
		55C22B9E2FF5C35E00D14F15 /* PBXContainerItemProxy */ = {
			isa = PBXContainerItemProxy;
			containerPortal = 55C22B882FF5C35B00D14F15 /* Project object */;
			proxyType = 1;
			remoteGlobalIDString = 55C22B8F2FF5C35B00D14F15;
			remoteInfo = EnjoeiProducts;
		};
		55C22BA82FF5C35E00D14F15 /* PBXContainerItemProxy */ = {
			isa = PBXContainerItemProxy;
			containerPortal = 55C22B882FF5C35B00D14F15 /* Project object */;
			proxyType = 1;
			remoteGlobalIDString = 55C22B8F2FF5C35B00D14F15;
			remoteInfo = EnjoeiProducts;
		};
/* End PBXContainerItemProxy section */

/* Begin PBXFileReference section */
		55C22B902FF5C35B00D14F15 /* EnjoeiProducts.app */ = {isa = PBXFileReference; explicitFileType = wrapper.application; includeInIndex = 0; path = EnjoeiProducts.app; sourceTree = BUILT_PRODUCTS_DIR; };
		55C22B9D2FF5C35E00D14F15 /* EnjoeiProductsTests.xctest */ = {isa = PBXFileReference; explicitFileType = wrapper.cfbundle; includeInIndex = 0; path = EnjoeiProductsTests.xctest; sourceTree = BUILT_PRODUCTS_DIR; };
		55C22BA72FF5C35E00D14F15 /* EnjoeiProductsUITests.xctest */ = {isa = PBXFileReference; explicitFileType = wrapper.cfbundle; includeInIndex = 0; path = EnjoeiProductsUITests.xctest; sourceTree = BUILT_PRODUCTS_DIR; };
/* End PBXFileReference section */

/* Begin PBXFileSystemSynchronizedRootGroup section */
		55C22B922FF5C35B00D14F15 /* EnjoeiProducts */ = {
			isa = PBXFileSystemSynchronizedRootGroup;
			exceptions = (
			);
			path = EnjoeiProducts;
			sourceTree = "<group>";
		};
		55C22BA02FF5C35E00D14F15 /* EnjoeiProductsTests */ = {
			isa = PBXFileSystemSynchronizedRootGroup;
			exceptions = (
			);
			path = EnjoeiProductsTests;
			sourceTree = "<group>";
		};
		55C22BAA2FF5C35E00D14F15 /* EnjoeiProductsUITests */ = {
			isa = PBXFileSystemSynchronizedRootGroup;
			exceptions = (
			);
			path = EnjoeiProductsUITests;
			sourceTree = "<group>";
		};
/* End PBXFileSystemSynchronizedRootGroup section */

/* Begin PBXFrameworksBuildPhase section */
		55C22B8D2FF5C35B00D14F15 /* Frameworks */ = {
			isa = PBXFrameworksBuildPhase;
			buildActionMask = 2147483647;
			files = (
				0545BB011FDA5B7E7BADFA00 /* Kingfisher in Frameworks */,
			);
			runOnlyForDeploymentPostprocessing = 0;
		};
		55C22B9A2FF5C35E00D14F15 /* Frameworks */ = {
			isa = PBXFrameworksBuildPhase;
			buildActionMask = 2147483647;
			files = (
			);
			runOnlyForDeploymentPostprocessing = 0;
		};
		55C22BA42FF5C35E00D14F15 /* Frameworks */ = {
			isa = PBXFrameworksBuildPhase;
			buildActionMask = 2147483647;
			files = (
			);
			runOnlyForDeploymentPostprocessing = 0;
		};
/* End PBXFrameworksBuildPhase section */

/* Begin PBXGroup section */
		55C22B872FF5C35B00D14F15 = {
			isa = PBXGroup;
			children = (
				55C22B922FF5C35B00D14F15 /* EnjoeiProducts */,
				55C22BA02FF5C35E00D14F15 /* EnjoeiProductsTests */,
				55C22BAA2FF5C35E00D14F15 /* EnjoeiProductsUITests */,
				55C22B912FF5C35B00D14F15 /* Products */,
			);
			sourceTree = "<group>";
		};
		55C22B912FF5C35B00D14F15 /* Products */ = {
			isa = PBXGroup;
			children = (
				55C22B902FF5C35B00D14F15 /* EnjoeiProducts.app */,
				55C22B9D2FF5C35E00D14F15 /* EnjoeiProductsTests.xctest */,
				55C22BA72FF5C35E00D14F15 /* EnjoeiProductsUITests.xctest */,
			);
			name = Products;
			sourceTree = "<group>";
		};
/* End PBXGroup section */

/* Begin PBXNativeTarget section */
		55C22B8F2FF5C35B00D14F15 /* EnjoeiProducts */ = {
			isa = PBXNativeTarget;
			buildConfigurationList = 55C22BB12FF5C35E00D14F15 /* Build configuration list for PBXNativeTarget "EnjoeiProducts" */;
			buildPhases = (
				55C22B8C2FF5C35B00D14F15 /* Sources */,
				55C22B8D2FF5C35B00D14F15 /* Frameworks */,
				55C22B8E2FF5C35B00D14F15 /* Resources */,
			);
			buildRules = (
			);
			dependencies = (
				BC841AB23F3314E993E15B06 /* PBXTargetDependency */,
			);
			fileSystemSynchronizedGroups = (
				55C22B922FF5C35B00D14F15 /* EnjoeiProducts */,
			);
			name = EnjoeiProducts;
			packageProductDependencies = (
				B7C60C7DDDF7D929AF918DD9 /* Kingfisher */,
			);
			productName = EnjoeiProducts;
			productReference = 55C22B902FF5C35B00D14F15 /* EnjoeiProducts.app */;
			productType = "com.apple.product-type.application";
		};
		55C22B9C2FF5C35E00D14F15 /* EnjoeiProductsTests */ = {
			isa = PBXNativeTarget;
			buildConfigurationList = 55C22BB42FF5C35E00D14F15 /* Build configuration list for PBXNativeTarget "EnjoeiProductsTests" */;
			buildPhases = (
				55C22B992FF5C35E00D14F15 /* Sources */,
				55C22B9A2FF5C35E00D14F15 /* Frameworks */,
				55C22B9B2FF5C35E00D14F15 /* Resources */,
			);
			buildRules = (
			);
			dependencies = (
				55C22B9F2FF5C35E00D14F15 /* PBXTargetDependency */,
			);
			fileSystemSynchronizedGroups = (
				55C22BA02FF5C35E00D14F15 /* EnjoeiProductsTests */,
			);
			name = EnjoeiProductsTests;
			productName = EnjoeiProductsTests;
			productReference = 55C22B9D2FF5C35E00D14F15 /* EnjoeiProductsTests.xctest */;
			productType = "com.apple.product-type.bundle.unit-test";
		};
		55C22BA62FF5C35E00D14F15 /* EnjoeiProductsUITests */ = {
			isa = PBXNativeTarget;
			buildConfigurationList = 55C22BB72FF5C35E00D14F15 /* Build configuration list for PBXNativeTarget "EnjoeiProductsUITests" */;
			buildPhases = (
				55C22BA32FF5C35E00D14F15 /* Sources */,
				55C22BA42FF5C35E00D14F15 /* Frameworks */,
				55C22BA52FF5C35E00D14F15 /* Resources */,
			);
			buildRules = (
			);
			dependencies = (
				55C22BA92FF5C35E00D14F15 /* PBXTargetDependency */,
			);
			fileSystemSynchronizedGroups = (
				55C22BAA2FF5C35E00D14F15 /* EnjoeiProductsUITests */,
			);
			name = EnjoeiProductsUITests;
			productName = EnjoeiProductsUITests;
			productReference = 55C22BA72FF5C35E00D14F15 /* EnjoeiProductsUITests.xctest */;
			productType = "com.apple.product-type.bundle.ui-testing";
		};
/* End PBXNativeTarget section */

/* Begin PBXProject section */
		55C22B882FF5C35B00D14F15 /* Project object */ = {
			isa = PBXProject;
			attributes = {
				BuildIndependentTargetsInParallel = 1;
				LastSwiftUpdateCheck = 2650;
				LastUpgradeCheck = 2650;
				TargetAttributes = {
					55C22B8F2FF5C35B00D14F15 = {
						CreatedOnToolsVersion = 26.5;
					};
					55C22B9C2FF5C35E00D14F15 = {
						CreatedOnToolsVersion = 26.5;
						TestTargetID = 55C22B8F2FF5C35B00D14F15;
					};
					55C22BA62FF5C35E00D14F15 = {
						CreatedOnToolsVersion = 26.5;
						TestTargetID = 55C22B8F2FF5C35B00D14F15;
					};
				};
			};
			buildConfigurationList = 55C22B8B2FF5C35B00D14F15 /* Build configuration list for PBXProject "EnjoeiProducts" */;
			developmentRegion = en;
			hasScannedForEncodings = 0;
			knownRegions = (
				en,
				Base,
			);
			mainGroup = 55C22B872FF5C35B00D14F15;
			minimizedProjectReferenceProxies = 1;
			packageReferences = (
				E506DCD8C4328E6DE4D3446B /* XCRemoteSwiftPackageReference "Kingfisher" */,
				07B4BCC1BF1486D0C66DA9DB /* XCRemoteSwiftPackageReference "SwiftLint" */,
			);
			preferredProjectObjectVersion = 77;
			productRefGroup = 55C22B912FF5C35B00D14F15 /* Products */;
			projectDirPath = "";
			projectRoot = "";
			targets = (
				55C22B8F2FF5C35B00D14F15 /* EnjoeiProducts */,
				55C22B9C2FF5C35E00D14F15 /* EnjoeiProductsTests */,
				55C22BA62FF5C35E00D14F15 /* EnjoeiProductsUITests */,
			);
		};
/* End PBXProject section */

/* Begin PBXResourcesBuildPhase section */
		55C22B8E2FF5C35B00D14F15 /* Resources */ = {
			isa = PBXResourcesBuildPhase;
			buildActionMask = 2147483647;
			files = (
			);
			runOnlyForDeploymentPostprocessing = 0;
		};
		55C22B9B2FF5C35E00D14F15 /* Resources */ = {
			isa = PBXResourcesBuildPhase;
			buildActionMask = 2147483647;
			files = (
			);
			runOnlyForDeploymentPostprocessing = 0;
		};
		55C22BA52FF5C35E00D14F15 /* Resources */ = {
			isa = PBXResourcesBuildPhase;
			buildActionMask = 2147483647;
			files = (
			);
			runOnlyForDeploymentPostprocessing = 0;
		};
/* End PBXResourcesBuildPhase section */

/* Begin PBXSourcesBuildPhase section */
		55C22B8C2FF5C35B00D14F15 /* Sources */ = {
			isa = PBXSourcesBuildPhase;
			buildActionMask = 2147483647;
			files = (
			);
			runOnlyForDeploymentPostprocessing = 0;
		};
		55C22B992FF5C35E00D14F15 /* Sources */ = {
			isa = PBXSourcesBuildPhase;
			buildActionMask = 2147483647;
			files = (
			);
			runOnlyForDeploymentPostprocessing = 0;
		};
		55C22BA32FF5C35E00D14F15 /* Sources */ = {
			isa = PBXSourcesBuildPhase;
			buildActionMask = 2147483647;
			files = (
			);
			runOnlyForDeploymentPostprocessing = 0;
		};
/* End PBXSourcesBuildPhase section */

/* Begin PBXTargetDependency section */
		55C22B9F2FF5C35E00D14F15 /* PBXTargetDependency */ = {
			isa = PBXTargetDependency;
			target = 55C22B8F2FF5C35B00D14F15 /* EnjoeiProducts */;
			targetProxy = 55C22B9E2FF5C35E00D14F15 /* PBXContainerItemProxy */;
		};
		55C22BA92FF5C35E00D14F15 /* PBXTargetDependency */ = {
			isa = PBXTargetDependency;
			target = 55C22B8F2FF5C35B00D14F15 /* EnjoeiProducts */;
			targetProxy = 55C22BA82FF5C35E00D14F15 /* PBXContainerItemProxy */;
		};
		BC841AB23F3314E993E15B06 /* PBXTargetDependency */ = {
			isa = PBXTargetDependency;
			productRef = 21C5144EEB64A4E359CA60E5 /* plugin:SwiftLintBuildToolPlugin */;
		};
/* End PBXTargetDependency section */

/* Begin XCBuildConfiguration section */
		55C22BAF2FF5C35E00D14F15 /* Debug */ = {
			isa = XCBuildConfiguration;
			buildSettings = {
				ALWAYS_SEARCH_USER_PATHS = NO;
				ASSETCATALOG_COMPILER_GENERATE_SWIFT_ASSET_SYMBOL_EXTENSIONS = YES;
				CLANG_ANALYZER_NONNULL = YES;
				CLANG_ANALYZER_NUMBER_OBJECT_CONVERSION = YES_AGGRESSIVE;
				CLANG_CXX_LANGUAGE_STANDARD = "gnu++20";
				CLANG_ENABLE_MODULES = YES;
				CLANG_ENABLE_OBJC_ARC = YES;
				CLANG_ENABLE_OBJC_WEAK = YES;
				CLANG_WARN_BLOCK_CAPTURE_AUTORELEASING = YES;
				CLANG_WARN_BOOL_CONVERSION = YES;
				CLANG_WARN_COMMA = YES;
				CLANG_WARN_CONSTANT_CONVERSION = YES;
				CLANG_WARN_DEPRECATED_OBJC_IMPLEMENTATIONS = YES;
				CLANG_WARN_DIRECT_OBJC_ISA_USAGE = YES_ERROR;
				CLANG_WARN_DOCUMENTATION_COMMENTS = YES;
				CLANG_WARN_EMPTY_BODY = YES;
				CLANG_WARN_ENUM_CONVERSION = YES;
				CLANG_WARN_INFINITE_RECURSION = YES;
				CLANG_WARN_INT_CONVERSION = YES;
				CLANG_WARN_NON_LITERAL_NULL_CONVERSION = YES;
				CLANG_WARN_OBJC_IMPLICIT_RETAIN_SELF = YES;
				CLANG_WARN_OBJC_LITERAL_CONVERSION = YES;
				CLANG_WARN_OBJC_ROOT_CLASS = YES_ERROR;
				CLANG_WARN_QUOTED_INCLUDE_IN_FRAMEWORK_HEADER = YES;
				CLANG_WARN_RANGE_LOOP_ANALYSIS = YES;
				CLANG_WARN_STRICT_PROTOTYPES = YES;
				CLANG_WARN_SUSPICIOUS_MOVE = YES;
				CLANG_WARN_UNGUARDED_AVAILABILITY = YES_AGGRESSIVE;
				CLANG_WARN_UNREACHABLE_CODE = YES;
				CLANG_WARN__DUPLICATE_METHOD_MATCH = YES;
				COPY_PHASE_STRIP = NO;
				DEBUG_INFORMATION_FORMAT = dwarf;
				DEVELOPMENT_TEAM = L9SYQWJR2Q;
				ENABLE_STRICT_OBJC_MSGSEND = YES;
				ENABLE_TESTABILITY = YES;
				ENABLE_USER_SCRIPT_SANDBOXING = YES;
				GCC_C_LANGUAGE_STANDARD = gnu17;
				GCC_DYNAMIC_NO_PIC = NO;
				GCC_NO_COMMON_BLOCKS = YES;
				GCC_OPTIMIZATION_LEVEL = 0;
				GCC_PREPROCESSOR_DEFINITIONS = (
					"DEBUG=1",
					"$(inherited)",
				);
				GCC_WARN_64_TO_32_BIT_CONVERSION = YES;
				GCC_WARN_ABOUT_RETURN_TYPE = YES_ERROR;
				GCC_WARN_UNDECLARED_SELECTOR = YES;
				GCC_WARN_UNINITIALIZED_AUTOS = YES_AGGRESSIVE;
				GCC_WARN_UNUSED_FUNCTION = YES;
				GCC_WARN_UNUSED_VARIABLE = YES;
				IPHONEOS_DEPLOYMENT_TARGET = 26.5;
				LOCALIZATION_PREFERS_STRING_CATALOGS = YES;
				MTL_ENABLE_DEBUG_INFO = INCLUDE_SOURCE;
				MTL_FAST_MATH = YES;
				ONLY_ACTIVE_ARCH = YES;
				SDKROOT = iphoneos;
				SWIFT_ACTIVE_COMPILATION_CONDITIONS = "DEBUG $(inherited)";
				SWIFT_OPTIMIZATION_LEVEL = "-Onone";
			};
			name = Debug;
		};
		55C22BB02FF5C35E00D14F15 /* Release */ = {
			isa = XCBuildConfiguration;
			buildSettings = {
				ALWAYS_SEARCH_USER_PATHS = NO;
				ASSETCATALOG_COMPILER_GENERATE_SWIFT_ASSET_SYMBOL_EXTENSIONS = YES;
				CLANG_ANALYZER_NONNULL = YES;
				CLANG_ANALYZER_NUMBER_OBJECT_CONVERSION = YES_AGGRESSIVE;
				CLANG_CXX_LANGUAGE_STANDARD = "gnu++20";
				CLANG_ENABLE_MODULES = YES;
				CLANG_ENABLE_OBJC_ARC = YES;
				CLANG_ENABLE_OBJC_WEAK = YES;
				CLANG_WARN_BLOCK_CAPTURE_AUTORELEASING = YES;
				CLANG_WARN_BOOL_CONVERSION = YES;
				CLANG_WARN_COMMA = YES;
				CLANG_WARN_CONSTANT_CONVERSION = YES;
				CLANG_WARN_DEPRECATED_OBJC_IMPLEMENTATIONS = YES;
				CLANG_WARN_DIRECT_OBJC_ISA_USAGE = YES_ERROR;
				CLANG_WARN_DOCUMENTATION_COMMENTS = YES;
				CLANG_WARN_EMPTY_BODY = YES;
				CLANG_WARN_ENUM_CONVERSION = YES;
				CLANG_WARN_INFINITE_RECURSION = YES;
				CLANG_WARN_INT_CONVERSION = YES;
				CLANG_WARN_NON_LITERAL_NULL_CONVERSION = YES;
				CLANG_WARN_OBJC_IMPLICIT_RETAIN_SELF = YES;
				CLANG_WARN_OBJC_LITERAL_CONVERSION = YES;
				CLANG_WARN_OBJC_ROOT_CLASS = YES_ERROR;
				CLANG_WARN_QUOTED_INCLUDE_IN_FRAMEWORK_HEADER = YES;
				CLANG_WARN_RANGE_LOOP_ANALYSIS = YES;
				CLANG_WARN_STRICT_PROTOTYPES = YES;
				CLANG_WARN_SUSPICIOUS_MOVE = YES;
				CLANG_WARN_UNGUARDED_AVAILABILITY = YES_AGGRESSIVE;
				CLANG_WARN_UNREACHABLE_CODE = YES;
				CLANG_WARN__DUPLICATE_METHOD_MATCH = YES;
				COPY_PHASE_STRIP = NO;
				DEBUG_INFORMATION_FORMAT = "dwarf-with-dsym";
				DEVELOPMENT_TEAM = L9SYQWJR2Q;
				ENABLE_NS_ASSERTIONS = NO;
				ENABLE_STRICT_OBJC_MSGSEND = YES;
				ENABLE_USER_SCRIPT_SANDBOXING = YES;
				GCC_C_LANGUAGE_STANDARD = gnu17;
				GCC_NO_COMMON_BLOCKS = YES;
				GCC_WARN_64_TO_32_BIT_CONVERSION = YES;
				GCC_WARN_ABOUT_RETURN_TYPE = YES_ERROR;
				GCC_WARN_UNDECLARED_SELECTOR = YES;
				GCC_WARN_UNINITIALIZED_AUTOS = YES_AGGRESSIVE;
				GCC_WARN_UNUSED_FUNCTION = YES;
				GCC_WARN_UNUSED_VARIABLE = YES;
				IPHONEOS_DEPLOYMENT_TARGET = 26.5;
				LOCALIZATION_PREFERS_STRING_CATALOGS = YES;
				MTL_ENABLE_DEBUG_INFO = NO;
				MTL_FAST_MATH = YES;
				SDKROOT = iphoneos;
				SWIFT_COMPILATION_MODE = wholemodule;
				VALIDATE_PRODUCT = YES;
			};
			name = Release;
		};
		55C22BB22FF5C35E00D14F15 /* Debug */ = {
			isa = XCBuildConfiguration;
			buildSettings = {
				ASSETCATALOG_COMPILER_APPICON_NAME = AppIcon;
				ASSETCATALOG_COMPILER_GLOBAL_ACCENT_COLOR_NAME = AccentColor;
				CODE_SIGN_STYLE = Automatic;
				CURRENT_PROJECT_VERSION = 1;
				DEVELOPMENT_TEAM = L9SYQWJR2Q;
				ENABLE_PREVIEWS = YES;
				GENERATE_INFOPLIST_FILE = YES;
				INFOPLIST_KEY_UIApplicationSceneManifest_Generation = YES;
				INFOPLIST_KEY_UIApplicationSupportsIndirectInputEvents = YES;
				INFOPLIST_KEY_UILaunchScreen_Generation = YES;
				INFOPLIST_KEY_UISupportedInterfaceOrientations_iPad = "UIInterfaceOrientationPortrait UIInterfaceOrientationPortraitUpsideDown UIInterfaceOrientationLandscapeLeft UIInterfaceOrientationLandscapeRight";
				INFOPLIST_KEY_UISupportedInterfaceOrientations_iPhone = "UIInterfaceOrientationPortrait UIInterfaceOrientationLandscapeLeft UIInterfaceOrientationLandscapeRight";
				LD_RUNPATH_SEARCH_PATHS = (
					"$(inherited)",
					"@executable_path/Frameworks",
				);
				MARKETING_VERSION = 1.0;
				PRODUCT_BUNDLE_IDENTIFIER = com.leticiabezerra.EnjoeiProducts;
				PRODUCT_NAME = "$(TARGET_NAME)";
				STRING_CATALOG_GENERATE_SYMBOLS = YES;
				SWIFT_APPROACHABLE_CONCURRENCY = YES;
				SWIFT_DEFAULT_ACTOR_ISOLATION = MainActor;
				SWIFT_EMIT_LOC_STRINGS = YES;
				SWIFT_UPCOMING_FEATURE_MEMBER_IMPORT_VISIBILITY = YES;
				SWIFT_VERSION = 5.0;
				TARGETED_DEVICE_FAMILY = "1,2";
			};
			name = Debug;
		};
		55C22BB32FF5C35E00D14F15 /* Release */ = {
			isa = XCBuildConfiguration;
			buildSettings = {
				ASSETCATALOG_COMPILER_APPICON_NAME = AppIcon;
				ASSETCATALOG_COMPILER_GLOBAL_ACCENT_COLOR_NAME = AccentColor;
				CODE_SIGN_STYLE = Automatic;
				CURRENT_PROJECT_VERSION = 1;
				DEVELOPMENT_TEAM = L9SYQWJR2Q;
				ENABLE_PREVIEWS = YES;
				GENERATE_INFOPLIST_FILE = YES;
				INFOPLIST_KEY_UIApplicationSceneManifest_Generation = YES;
				INFOPLIST_KEY_UIApplicationSupportsIndirectInputEvents = YES;
				INFOPLIST_KEY_UILaunchScreen_Generation = YES;
				INFOPLIST_KEY_UISupportedInterfaceOrientations_iPad = "UIInterfaceOrientationPortrait UIInterfaceOrientationPortraitUpsideDown UIInterfaceOrientationLandscapeLeft UIInterfaceOrientationLandscapeRight";
				INFOPLIST_KEY_UISupportedInterfaceOrientations_iPhone = "UIInterfaceOrientationPortrait UIInterfaceOrientationLandscapeLeft UIInterfaceOrientationLandscapeRight";
				LD_RUNPATH_SEARCH_PATHS = (
					"$(inherited)",
					"@executable_path/Frameworks",
				);
				MARKETING_VERSION = 1.0;
				PRODUCT_BUNDLE_IDENTIFIER = com.leticiabezerra.EnjoeiProducts;
				PRODUCT_NAME = "$(TARGET_NAME)";
				STRING_CATALOG_GENERATE_SYMBOLS = YES;
				SWIFT_APPROACHABLE_CONCURRENCY = YES;
				SWIFT_DEFAULT_ACTOR_ISOLATION = MainActor;
				SWIFT_EMIT_LOC_STRINGS = YES;
				SWIFT_UPCOMING_FEATURE_MEMBER_IMPORT_VISIBILITY = YES;
				SWIFT_VERSION = 5.0;
				TARGETED_DEVICE_FAMILY = "1,2";
			};
			name = Release;
		};
		55C22BB52FF5C35E00D14F15 /* Debug */ = {
			isa = XCBuildConfiguration;
			buildSettings = {
				BUNDLE_LOADER = "$(TEST_HOST)";
				CODE_SIGN_STYLE = Automatic;
				CURRENT_PROJECT_VERSION = 1;
				DEVELOPMENT_TEAM = L9SYQWJR2Q;
				GENERATE_INFOPLIST_FILE = YES;
				IPHONEOS_DEPLOYMENT_TARGET = 26.5;
				MARKETING_VERSION = 1.0;
				PRODUCT_BUNDLE_IDENTIFIER = com.leticiabezerra.EnjoeiProductsTests;
				PRODUCT_NAME = "$(TARGET_NAME)";
				STRING_CATALOG_GENERATE_SYMBOLS = NO;
				SWIFT_APPROACHABLE_CONCURRENCY = YES;
				SWIFT_EMIT_LOC_STRINGS = NO;
				SWIFT_UPCOMING_FEATURE_MEMBER_IMPORT_VISIBILITY = YES;
				SWIFT_VERSION = 5.0;
				TARGETED_DEVICE_FAMILY = "1,2";
				TEST_HOST = "$(BUILT_PRODUCTS_DIR)/EnjoeiProducts.app/$(BUNDLE_EXECUTABLE_FOLDER_PATH)/EnjoeiProducts";
			};
			name = Debug;
		};
		55C22BB62FF5C35E00D14F15 /* Release */ = {
			isa = XCBuildConfiguration;
			buildSettings = {
				BUNDLE_LOADER = "$(TEST_HOST)";
				CODE_SIGN_STYLE = Automatic;
				CURRENT_PROJECT_VERSION = 1;
				DEVELOPMENT_TEAM = L9SYQWJR2Q;
				GENERATE_INFOPLIST_FILE = YES;
				IPHONEOS_DEPLOYMENT_TARGET = 26.5;
				MARKETING_VERSION = 1.0;
				PRODUCT_BUNDLE_IDENTIFIER = com.leticiabezerra.EnjoeiProductsTests;
				PRODUCT_NAME = "$(TARGET_NAME)";
				STRING_CATALOG_GENERATE_SYMBOLS = NO;
				SWIFT_APPROACHABLE_CONCURRENCY = YES;
				SWIFT_EMIT_LOC_STRINGS = NO;
				SWIFT_UPCOMING_FEATURE_MEMBER_IMPORT_VISIBILITY = YES;
				SWIFT_VERSION = 5.0;
				TARGETED_DEVICE_FAMILY = "1,2";
				TEST_HOST = "$(BUILT_PRODUCTS_DIR)/EnjoeiProducts.app/$(BUNDLE_EXECUTABLE_FOLDER_PATH)/EnjoeiProducts";
			};
			name = Release;
		};
		55C22BB82FF5C35E00D14F15 /* Debug */ = {
			isa = XCBuildConfiguration;
			buildSettings = {
				CODE_SIGN_STYLE = Automatic;
				CURRENT_PROJECT_VERSION = 1;
				DEVELOPMENT_TEAM = L9SYQWJR2Q;
				GENERATE_INFOPLIST_FILE = YES;
				MARKETING_VERSION = 1.0;
				PRODUCT_BUNDLE_IDENTIFIER = com.leticiabezerra.EnjoeiProductsUITests;
				PRODUCT_NAME = "$(TARGET_NAME)";
				STRING_CATALOG_GENERATE_SYMBOLS = NO;
				SWIFT_APPROACHABLE_CONCURRENCY = YES;
				SWIFT_EMIT_LOC_STRINGS = NO;
				SWIFT_UPCOMING_FEATURE_MEMBER_IMPORT_VISIBILITY = YES;
				SWIFT_VERSION = 5.0;
				TARGETED_DEVICE_FAMILY = "1,2";
				TEST_TARGET_NAME = EnjoeiProducts;
			};
			name = Debug;
		};
		55C22BB92FF5C35E00D14F15 /* Release */ = {
			isa = XCBuildConfiguration;
			buildSettings = {
				CODE_SIGN_STYLE = Automatic;
				CURRENT_PROJECT_VERSION = 1;
				DEVELOPMENT_TEAM = L9SYQWJR2Q;
				GENERATE_INFOPLIST_FILE = YES;
				MARKETING_VERSION = 1.0;
				PRODUCT_BUNDLE_IDENTIFIER = com.leticiabezerra.EnjoeiProductsUITests;
				PRODUCT_NAME = "$(TARGET_NAME)";
				STRING_CATALOG_GENERATE_SYMBOLS = NO;
				SWIFT_APPROACHABLE_CONCURRENCY = YES;
				SWIFT_EMIT_LOC_STRINGS = NO;
				SWIFT_UPCOMING_FEATURE_MEMBER_IMPORT_VISIBILITY = YES;
				SWIFT_VERSION = 5.0;
				TARGETED_DEVICE_FAMILY = "1,2";
				TEST_TARGET_NAME = EnjoeiProducts;
			};
			name = Release;
		};
/* End XCBuildConfiguration section */

/* Begin XCConfigurationList section */
		55C22B8B2FF5C35B00D14F15 /* Build configuration list for PBXProject "EnjoeiProducts" */ = {
			isa = XCConfigurationList;
			buildConfigurations = (
				55C22BAF2FF5C35E00D14F15 /* Debug */,
				55C22BB02FF5C35E00D14F15 /* Release */,
			);
			defaultConfigurationIsVisible = 0;
			defaultConfigurationName = Release;
		};
		55C22BB12FF5C35E00D14F15 /* Build configuration list for PBXNativeTarget "EnjoeiProducts" */ = {
			isa = XCConfigurationList;
			buildConfigurations = (
				55C22BB22FF5C35E00D14F15 /* Debug */,
				55C22BB32FF5C35E00D14F15 /* Release */,
			);
			defaultConfigurationIsVisible = 0;
			defaultConfigurationName = Release;
		};
		55C22BB42FF5C35E00D14F15 /* Build configuration list for PBXNativeTarget "EnjoeiProductsTests" */ = {
			isa = XCConfigurationList;
			buildConfigurations = (
				55C22BB52FF5C35E00D14F15 /* Debug */,
				55C22BB62FF5C35E00D14F15 /* Release */,
			);
			defaultConfigurationIsVisible = 0;
			defaultConfigurationName = Release;
		};
		55C22BB72FF5C35E00D14F15 /* Build configuration list for PBXNativeTarget "EnjoeiProductsUITests" */ = {
			isa = XCConfigurationList;
			buildConfigurations = (
				55C22BB82FF5C35E00D14F15 /* Debug */,
				55C22BB92FF5C35E00D14F15 /* Release */,
			);
			defaultConfigurationIsVisible = 0;
			defaultConfigurationName = Release;
		};
/* End XCConfigurationList section */

/* Begin XCRemoteSwiftPackageReference section */
		07B4BCC1BF1486D0C66DA9DB /* XCRemoteSwiftPackageReference "SwiftLint" */ = {
			isa = XCRemoteSwiftPackageReference;
			repositoryURL = "https://github.com/realm/SwiftLint";
			requirement = {
				kind = upToNextMajorVersion;
				minimumVersion = 0.65.0;
			};
		};
		E506DCD8C4328E6DE4D3446B /* XCRemoteSwiftPackageReference "Kingfisher" */ = {
			isa = XCRemoteSwiftPackageReference;
			repositoryURL = "https://github.com/onevcat/Kingfisher.git";
			requirement = {
				kind = upToNextMajorVersion;
				minimumVersion = 8.10.0;
			};
		};
/* End XCRemoteSwiftPackageReference section */

/* Begin XCSwiftPackageProductDependency section */
		21C5144EEB64A4E359CA60E5 /* plugin:SwiftLintBuildToolPlugin */ = {
			isa = XCSwiftPackageProductDependency;
			package = 07B4BCC1BF1486D0C66DA9DB /* XCRemoteSwiftPackageReference "SwiftLint" */;
			productName = "plugin:SwiftLintBuildToolPlugin";
		};
		B7C60C7DDDF7D929AF918DD9 /* Kingfisher */ = {
			isa = XCSwiftPackageProductDependency;
			package = E506DCD8C4328E6DE4D3446B /* XCRemoteSwiftPackageReference "Kingfisher" */;
			productName = Kingfisher;
		};
/* End XCSwiftPackageProductDependency section */
	};
	rootObject = 55C22B882FF5C35B00D14F15 /* Project object */;
}
